{
  "requires": true,
  "lockfileVersion": 1,
  "dependencies": {
    "@types/polylabel": {
      "version": "1.0.5",
      "resolved": "https://registry.npmjs.org/@types/polylabel/-/polylabel-1.0.5.tgz",
      "integrity": "sha512-gnaNmo1OJiYNBFAZMZdqLZ3hKx2ee4ksAzqhKWBxuQ61PmhINHMcvIqsGmyCD1WFKCkwRt9NFhMSmKE6AgYY+w=="
    },
    "typescript": {
      "version": "3.7.4",
      "resolved": "https://registry.npmjs.org/typescript/-/typescript-3.7.4.tgz",
      "integrity": "sha512-A25xv5XCtarLwXpcDNZzCGvW2D1S3/bACratYBx2sax8PefsFhlYmkQicKHvpYflFS8if4zne5zT5kpJ7pzuvw=="
    }
  }
}
